// !$*UTF8*$!
{
	archiveVersion = 1;
	classes = {
	};
	objectVersion = 56;
	objects = {

/* Begin PBXBuildFile section */
		A1B2C3D400000020 /* PhotosCleanerApp.swift in Sources */ = {isa = PBXBuildFile; fileRef = A1B2C3D400000010 /* PhotosCleanerApp.swift */; };
		A1B2C3D400000021 /* ContentView.swift in Sources */ = {isa = PBXBuildFile; fileRef = A1B2C3D400000011 /* ContentView.swift */; };
		A1B2C3D400000022 /* ScanViewModel.swift in Sources */ = {isa = PBXBuildFile; fileRef = A1B2C3D400000012 /* ScanViewModel.swift */; };
		A1B2C3D400000023 /* PhotoItem.swift in Sources */ = {isa = PBXBuildFile; fileRef = A1B2C3D400000013 /* PhotoItem.swift */; };
		A1B2C3D400000026 /* ReviewView.swift in Sources */ = {isa = PBXBuildFile; fileRef = A1B2C3D400000017 /* ReviewView.swift */; };
		A1B2C3D400000024 /* Assets.xcassets in Resources */ = {isa = PBXBuildFile; fileRef = A1B2C3D400000014 /* Assets.xcassets */; };
		A1B2C3D400000027 /* Credits.rtf in Resources */ = {isa = PBXBuildFile; fileRef = A1B2C3D400000018 /* Credits.rtf */; };
		A1B2C3D400000025 /* Photos.framework in Frameworks */ = {isa = PBXBuildFile; fileRef = A1B2C3D400000016 /* Photos.framework */; };
		A1B2C3D400000028 /* Vision.framework in Frameworks */ = {isa = PBXBuildFile; fileRef = A1B2C3D400000019 /* Vision.framework */; };
		A1B2C3D400000029 /* EXIFExtractor.swift in Sources */ = {isa = PBXBuildFile; fileRef = A1B2C3D40000001A /* EXIFExtractor.swift */; };
		A1B2C3D40000002A /* DuplicateDetector.swift in Sources */ = {isa = PBXBuildFile; fileRef = A1B2C3D40000001B /* DuplicateDetector.swift */; };
		A1B2C3D40000002B /* CategoryAnalyzer.swift in Sources */ = {isa = PBXBuildFile; fileRef = A1B2C3D40000001C /* CategoryAnalyzer.swift */; };
		A1B2C3D40000002C /* DuplicateReviewView.swift in Sources */ = {isa = PBXBuildFile; fileRef = A1B2C3D40000001D /* DuplicateReviewView.swift */; };
		A1B2C3D40000002D /* FileSystemScanner.swift in Sources */ = {isa = PBXBuildFile; fileRef = A1B2C3D40000001E /* FileSystemScanner.swift */; };
		A1B2C3D40000002E /* ThumbnailCache.swift in Sources */ = {isa = PBXBuildFile; fileRef = A1B2C3D40000001F /* ThumbnailCache.swift */; };
		A1B2C3D400000033 /* HardwareAdaptor.swift in Sources */ = {isa = PBXBuildFile; fileRef = A1B2C3D400000034 /* HardwareAdaptor.swift */; };
/* End PBXBuildFile section */

/* Begin PBXFileReference section */
		A1B2C3D400000003 /* PhotosCleaner.app */ = {isa = PBXFileReference; explicitFileType = wrapper.application; includeInIndex = 0; path = PhotosCleaner.app; sourceTree = BUILT_PRODUCTS_DIR; };
		A1B2C3D400000010 /* PhotosCleanerApp.swift */ = {isa = PBXFileReference; lastKnownFileType = sourcecode.swift; path = PhotosCleanerApp.swift; sourceTree = "<group>"; };
		A1B2C3D400000011 /* ContentView.swift */ = {isa = PBXFileReference; lastKnownFileType = sourcecode.swift; path = ContentView.swift; sourceTree = "<group>"; };
		A1B2C3D400000012 /* ScanViewModel.swift */ = {isa = PBXFileReference; lastKnownFileType = sourcecode.swift; path = ScanViewModel.swift; sourceTree = "<group>"; };
		A1B2C3D400000013 /* PhotoItem.swift */ = {isa = PBXFileReference; lastKnownFileType = sourcecode.swift; path = PhotoItem.swift; sourceTree = "<group>"; };
		A1B2C3D400000017 /* ReviewView.swift */ = {isa = PBXFileReference; lastKnownFileType = sourcecode.swift; path = ReviewView.swift; sourceTree = "<group>"; };
		A1B2C3D400000014 /* Assets.xcassets */ = {isa = PBXFileReference; lastKnownFileType = folder.assetcatalog; path = Assets.xcassets; sourceTree = "<group>"; };
		A1B2C3D400000015 /* PhotosCleaner.entitlements */ = {isa = PBXFileReference; lastKnownFileType = text.plist.entitlements; path = PhotosCleaner.entitlements; sourceTree = "<group>"; };
		A1B2C3D400000016 /* Photos.framework */ = {isa = PBXFileReference; lastKnownFileType = wrapper.framework; name = Photos.framework; path = System/Library/Frameworks/Photos.framework; sourceTree = SDKROOT; };
		A1B2C3D400000018 /* Credits.rtf */ = {isa = PBXFileReference; lastKnownFileType = text.rtf; path = Credits.rtf; sourceTree = "<group>"; };
		A1B2C3D400000019 /* Vision.framework */ = {isa = PBXFileReference; lastKnownFileType = wrapper.framework; name = Vision.framework; path = System/Library/Frameworks/Vision.framework; sourceTree = SDKROOT; };
		A1B2C3D40000001A /* EXIFExtractor.swift */ = {isa = PBXFileReference; lastKnownFileType = sourcecode.swift; path = EXIFExtractor.swift; sourceTree = "<group>"; };
		A1B2C3D40000001B /* DuplicateDetector.swift */ = {isa = PBXFileReference; lastKnownFileType = sourcecode.swift; path = DuplicateDetector.swift; sourceTree = "<group>"; };
		A1B2C3D40000001C /* CategoryAnalyzer.swift */ = {isa = PBXFileReference; lastKnownFileType = sourcecode.swift; path = CategoryAnalyzer.swift; sourceTree = "<group>"; };
		A1B2C3D40000001D /* DuplicateReviewView.swift */ = {isa = PBXFileReference; lastKnownFileType = sourcecode.swift; path = DuplicateReviewView.swift; sourceTree = "<group>"; };
		A1B2C3D40000001E /* FileSystemScanner.swift */ = {isa = PBXFileReference; lastKnownFileType = sourcecode.swift; path = FileSystemScanner.swift; sourceTree = "<group>"; };
		A1B2C3D40000001F /* ThumbnailCache.swift */ = {isa = PBXFileReference; lastKnownFileType = sourcecode.swift; path = ThumbnailCache.swift; sourceTree = "<group>"; };
		A1B2C3D400000034 /* HardwareAdaptor.swift */ = {isa = PBXFileReference; lastKnownFileType = sourcecode.swift; path = HardwareAdaptor.swift; sourceTree = "<group>"; };
/* End PBXFileReference section */

/* Begin PBXFrameworksBuildPhase section */
		A1B2C3D400000032 /* Frameworks */ = {
			isa = PBXFrameworksBuildPhase;
			buildActionMask = 2147483647;
			files = (
				A1B2C3D400000025 /* Photos.framework in Frameworks */,
				A1B2C3D400000028 /* Vision.framework in Frameworks */,
			);
			runOnlyForDeploymentPostprocessing = 0;
		};
/* End PBXFrameworksBuildPhase section */

/* Begin PBXGroup section */
		A1B2C3D400000040 /* MainGroup */ = {
			isa = PBXGroup;
			children = (
				A1B2C3D400000041 /* PhotosCleaner */,
				A1B2C3D400000043 /* Frameworks */,
				A1B2C3D400000042 /* Products */,
			);
			sourceTree = "<group>";
		};
		A1B2C3D400000041 /* PhotosCleaner */ = {
			isa = PBXGroup;
			children = (
				A1B2C3D400000010 /* PhotosCleanerApp.swift */,
				A1B2C3D400000011 /* ContentView.swift */,
				A1B2C3D400000012 /* ScanViewModel.swift */,
				A1B2C3D400000013 /* PhotoItem.swift */,
				A1B2C3D400000017 /* ReviewView.swift */,
				A1B2C3D40000001D /* DuplicateReviewView.swift */,
				A1B2C3D40000001A /* EXIFExtractor.swift */,
				A1B2C3D40000001B /* DuplicateDetector.swift */,
				A1B2C3D40000001C /* CategoryAnalyzer.swift */,
				A1B2C3D40000001E /* FileSystemScanner.swift */,
				A1B2C3D40000001F /* ThumbnailCache.swift */,
				A1B2C3D400000034 /* HardwareAdaptor.swift */,
				A1B2C3D400000014 /* Assets.xcassets */,
				A1B2C3D400000015 /* PhotosCleaner.entitlements */,
			A1B2C3D400000018 /* Credits.rtf */,
			);
			path = PhotosCleaner;
			sourceTree = "<group>";
		};
		A1B2C3D400000042 /* Products */ = {
			isa = PBXGroup;
			children = (
				A1B2C3D400000003 /* PhotosCleaner.app */,
			);
			name = Products;
			sourceTree = "<group>";
		};
		A1B2C3D400000043 /* Frameworks */ = {
			isa = PBXGroup;
			children = (
				A1B2C3D400000016 /* Photos.framework */,
				A1B2C3D400000019 /* Vision.framework */,
			);
			name = Frameworks;
			sourceTree = "<group>";
		};
/* End PBXGroup section */

/* Begin PBXNativeTarget section */
		A1B2C3D400000002 /* PhotosCleaner */ = {
			isa = PBXNativeTarget;
			buildConfigurationList = A1B2C3D400000061 /* Build configuration list for PBXNativeTarget "PhotosCleaner" */;
			buildPhases = (
				A1B2C3D400000032 /* Frameworks */,
				A1B2C3D400000030 /* Sources */,
				A1B2C3D400000031 /* Resources */,
			);
			buildRules = (
			);
			dependencies = (
			);
			name = PhotosCleaner;
			productName = PhotosCleaner;
			productReference = A1B2C3D400000003 /* PhotosCleaner.app */;
			productType = "com.apple.product-type.application";
		};
/* End PBXNativeTarget section */

/* Begin PBXProject section */
		A1B2C3D400000001 /* Project object */ = {
			isa = PBXProject;
			attributes = {
				BuildIndependentTargetsInParallel = 1;
				LastSwiftUpdateCheck = 1540;
				LastUpgradeCheck = 1540;
				TargetAttributes = {
					A1B2C3D400000002 = {
						CreatedOnToolsVersion = 15.4;
					};
				};
			};
			buildConfigurationList = A1B2C3D400000060 /* Build configuration list for PBXProject "PhotosCleaner" */;
			compatibilityVersion = "Xcode 14.0";
			developmentRegion = en;
			hasScannedForEncodings = 0;
			knownRegions = (
				en,
				Base,
			);
			mainGroup = A1B2C3D400000040;
			productRefGroup = A1B2C3D400000042 /* Products */;
			projectDirPath = "";
			projectRoot = "";
			targets = (
				A1B2C3D400000002 /* PhotosCleaner */,
			);
		};
/* End PBXProject section */

/* Begin PBXResourcesBuildPhase section */
		A1B2C3D400000031 /* Resources */ = {
			isa = PBXResourcesBuildPhase;
			buildActionMask = 2147483647;
			files = (
				A1B2C3D400000024 /* Assets.xcassets in Resources */,
				A1B2C3D400000027 /* Credits.rtf in Resources */,
			);
			runOnlyForDeploymentPostprocessing = 0;
		};
/* End PBXResourcesBuildPhase section */

/* Begin PBXSourcesBuildPhase section */
		A1B2C3D400000030 /* Sources */ = {
			isa = PBXSourcesBuildPhase;
			buildActionMask = 2147483647;
			files = (
				A1B2C3D400000020 /* PhotosCleanerApp.swift in Sources */,
				A1B2C3D400000021 /* ContentView.swift in Sources */,
				A1B2C3D400000022 /* ScanViewModel.swift in Sources */,
				A1B2C3D400000023 /* PhotoItem.swift in Sources */,
				A1B2C3D400000026 /* ReviewView.swift in Sources */,
				A1B2C3D40000002C /* DuplicateReviewView.swift in Sources */,
				A1B2C3D400000029 /* EXIFExtractor.swift in Sources */,
				A1B2C3D40000002A /* DuplicateDetector.swift in Sources */,
				A1B2C3D40000002B /* CategoryAnalyzer.swift in Sources */,
				A1B2C3D40000002D /* FileSystemScanner.swift in Sources */,
				A1B2C3D40000002E /* ThumbnailCache.swift in Sources */,
				A1B2C3D400000033 /* HardwareAdaptor.swift in Sources */,
			);
			runOnlyForDeploymentPostprocessing = 0;
		};
/* End PBXSourcesBuildPhase section */

/* Begin XCBuildConfiguration section */
		A1B2C3D400000050 /* Debug */ = {
			isa = XCBuildConfiguration;
			buildSettings = {
				ALWAYS_SEARCH_USER_PATHS = NO;
				CLANG_ANALYZER_NONNULL = YES;
				CLANG_ANALYZER_NUMBER_OBJECT_CONVERSION = YES_AGGRESSIVE;
				CLANG_CXX_LANGUAGE_STANDARD = "gnu++20";
				CLANG_ENABLE_MODULES = YES;
				CLANG_ENABLE_OBJC_ARC = YES;
				CLANG_ENABLE_OBJC_WEAK = YES;
				CLANG_WARN_BLOCK_CAPTURE_AUTORELEASING = YES;
				CLANG_WARN_BOOL_CONVERSION = YES;
				CLANG_WARN_COMMA = YES;
				CLANG_WARN_CONSTANT_CONVERSION = YES;
				CLANG_WARN_DEPRECATED_OBJC_IMPLEMENTATIONS = YES;
				CLANG_WARN_DIRECT_OBJC_ISA_USAGE = YES_ERROR;
				CLANG_WARN_DOCUMENTATION_COMMENTS = YES;
				CLANG_WARN_EMPTY_BODY = YES;
				CLANG_WARN_ENUM_CONVERSION = YES;
				CLANG_WARN_INFINITE_RECURSION = YES;
				CLANG_WARN_INT_CONVERSION = YES;
				CLANG_WARN_NON_LITERAL_NULL_CONVERSION = YES;
				CLANG_WARN_OBJC_IMPLICIT_RETAIN_CYCLE = YES;
				CLANG_WARN_OBJC_LITERAL_CONVERSION = YES;
				CLANG_WARN_OBJC_ROOT_CLASS = YES_ERROR;
				CLANG_WARN_RANGE_LOOP_ANALYSIS = YES;
				CLANG_WARN_STRICT_PROTOTYPES = YES;
				CLANG_WARN_SUSPICIOUS_MOVE = YES;
				CLANG_WARN_UNGUARDED_AVAILABILITY = YES_AGGRESSIVE;
				CLANG_WARN_UNREACHABLE_CODE = YES;
				CLANG_WARN__DUPLICATE_METHOD_MATCH = YES;
				COPY_PHASE_STRIP = NO;
				DEBUG_INFORMATION_FORMAT = dwarf;
				ENABLE_STRICT_OBJC_MSGSEND = YES;
				ENABLE_TESTABILITY = YES;
				GCC_C_LANGUAGE_STANDARD = gnu17;
				GCC_DYNAMIC_NO_PIC = NO;
				GCC_NO_COMMON_BLOCKS = YES;
				GCC_OPTIMIZATION_LEVEL = 0;
				GCC_PREPROCESSOR_DEFINITIONS = (
					"DEBUG=1",
					"$(inherited)",
				);
				GCC_WARN_64_TO_32_BIT_CONVERSION = YES;
				GCC_WARN_ABOUT_RETURN_TYPE = YES_ERROR;
				GCC_WARN_UNDECLARED_SELECTOR = YES;
				GCC_WARN_UNINITIALIZED_AUTOS = YES_AGGRESSIVE;
				GCC_WARN_UNUSED_FUNCTION = YES;
				GCC_WARN_UNUSED_VARIABLE = YES;
				MACOSX_DEPLOYMENT_TARGET = 13.0;
				MTL_ENABLE_DEBUG_INFO = INCLUDE_SOURCE;
				MTL_FAST_MATH = YES;
				ONLY_ACTIVE_ARCH = YES;
				SDKROOT = macosx;
				SWIFT_ACTIVE_COMPILATION_CONDITIONS = "DEBUG $(inherited)";
				SWIFT_OPTIMIZATION_LEVEL = "-Onone";
			};
			name = Debug;
		};
		A1B2C3D400000051 /* Release */ = {
			isa = XCBuildConfiguration;
			buildSettings = {
				ALWAYS_SEARCH_USER_PATHS = NO;
				CLANG_ANALYZER_NONNULL = YES;
				CLANG_ANALYZER_NUMBER_OBJECT_CONVERSION = YES_AGGRESSIVE;
				CLANG_CXX_LANGUAGE_STANDARD = "gnu++20";
				CLANG_ENABLE_MODULES = YES;
				CLANG_ENABLE_OBJC_ARC = YES;
				CLANG_ENABLE_OBJC_WEAK = YES;
				CLANG_WARN_BLOCK_CAPTURE_AUTORELEASING = YES;
				CLANG_WARN_BOOL_CONVERSION = YES;
				CLANG_WARN_COMMA = YES;
				CLANG_WARN_CONSTANT_CONVERSION = YES;
				CLANG_WARN_DEPRECATED_OBJC_IMPLEMENTATIONS = YES;
				CLANG_WARN_DIRECT_OBJC_ISA_USAGE = YES_ERROR;
				CLANG_WARN_DOCUMENTATION_COMMENTS = YES;
				CLANG_WARN_EMPTY_BODY = YES;
				CLANG_WARN_ENUM_CONVERSION = YES;
				CLANG_WARN_INFINITE_RECURSION = YES;
				CLANG_WARN_INT_CONVERSION = YES;
				CLANG_WARN_NON_LITERAL_NULL_CONVERSION = YES;
				CLANG_WARN_OBJC_IMPLICIT_RETAIN_CYCLE = YES;
				CLANG_WARN_OBJC_LITERAL_CONVERSION = YES;
				CLANG_WARN_OBJC_ROOT_CLASS = YES_ERROR;
				CLANG_WARN_RANGE_LOOP_ANALYSIS = YES;
				CLANG_WARN_STRICT_PROTOTYPES = YES;
				CLANG_WARN_SUSPICIOUS_MOVE = YES;
				CLANG_WARN_UNGUARDED_AVAILABILITY = YES_AGGRESSIVE;
				CLANG_WARN_UNREACHABLE_CODE = YES;
				CLANG_WARN__DUPLICATE_METHOD_MATCH = YES;
				COPY_PHASE_STRIP = NO;
				DEBUG_INFORMATION_FORMAT = "dwarf-with-dsym";
				ENABLE_NS_ASSERTIONS = NO;
				ENABLE_STRICT_OBJC_MSGSEND = YES;
				GCC_C_LANGUAGE_STANDARD = gnu17;
				GCC_NO_COMMON_BLOCKS = YES;
				GCC_WARN_64_TO_32_BIT_CONVERSION = YES;
				GCC_WARN_ABOUT_RETURN_TYPE = YES_ERROR;
				GCC_WARN_UNDECLARED_SELECTOR = YES;
				GCC_WARN_UNINITIALIZED_AUTOS = YES_AGGRESSIVE;
				GCC_WARN_UNUSED_FUNCTION = YES;
				GCC_WARN_UNUSED_VARIABLE = YES;
				MACOSX_DEPLOYMENT_TARGET = 13.0;
				MTL_FAST_MATH = YES;
				SDKROOT = macosx;
				SWIFT_COMPILATION_MODE = wholemodule;
			};
			name = Release;
		};
		A1B2C3D400000052 /* Debug */ = {
			isa = XCBuildConfiguration;
			buildSettings = {
				ASSETCATALOG_COMPILER_APPICON_NAME = AppIcon;
				ASSETCATALOG_COMPILER_GLOBAL_ACCENT_COLOR_NAME = AccentColor;
				CODE_SIGN_ENTITLEMENTS = PhotosCleaner/PhotosCleaner.entitlements;
				CODE_SIGN_STYLE = Automatic;
				COMBINE_HIDPI_IMAGES = YES;
				CURRENT_PROJECT_VERSION = 4;
				ENABLE_HARDENED_RUNTIME = YES;
				GENERATE_INFOPLIST_FILE = YES;
				INFOPLIST_KEY_LSApplicationCategoryType = "public.app-category.photography";
				INFOPLIST_KEY_NSPhotoLibraryUsageDescription = "Photos Library Cleaner needs access to your library to find and review non-photo items.";
				INFOPLIST_KEY_NSHumanReadableCopyright = "Developed by Claude Opus 4.6 and Richard Henderson";
				INFOPLIST_KEY_NSPrincipalClass = NSApplication;
				LD_RUNPATH_SEARCH_PATHS = (
					"$(inherited)",
					"@executable_path/../Frameworks",
				);
				MARKETING_VERSION = 3.0;
				PRODUCT_BUNDLE_IDENTIFIER = "ca.gov.ab.richardhenderson.photoscleaner";
				PRODUCT_NAME = "$(TARGET_NAME)";
				SWIFT_EMIT_LOC_STRINGS = YES;
				SWIFT_VERSION = 5.0;
				MACOSX_DEPLOYMENT_TARGET = 13.0;
			};
			name = Debug;
		};
		A1B2C3D400000053 /* Release */ = {
			isa = XCBuildConfiguration;
			buildSettings = {
				ASSETCATALOG_COMPILER_APPICON_NAME = AppIcon;
				ASSETCATALOG_COMPILER_GLOBAL_ACCENT_COLOR_NAME = AccentColor;
				CODE_SIGN_ENTITLEMENTS = PhotosCleaner/PhotosCleaner.entitlements;
				CODE_SIGN_STYLE = Automatic;
				COMBINE_HIDPI_IMAGES = YES;
				CURRENT_PROJECT_VERSION = 4;
				ENABLE_HARDENED_RUNTIME = YES;
				GENERATE_INFOPLIST_FILE = YES;
				INFOPLIST_KEY_LSApplicationCategoryType = "public.app-category.photography";
				INFOPLIST_KEY_NSPhotoLibraryUsageDescription = "Photos Library Cleaner needs access to your library to find and review non-photo items.";
				INFOPLIST_KEY_NSHumanReadableCopyright = "Developed by Claude Opus 4.6 and Richard Henderson";
				INFOPLIST_KEY_NSPrincipalClass = NSApplication;
				LD_RUNPATH_SEARCH_PATHS = (
					"$(inherited)",
					"@executable_path/../Frameworks",
				);
				MARKETING_VERSION = 3.0;
				PRODUCT_BUNDLE_IDENTIFIER = "ca.gov.ab.richardhenderson.photoscleaner";
				PRODUCT_NAME = "$(TARGET_NAME)";
				SWIFT_EMIT_LOC_STRINGS = YES;
				SWIFT_VERSION = 5.0;
				MACOSX_DEPLOYMENT_TARGET = 13.0;
			};
			name = Release;
		};
/* End XCBuildConfiguration section */

/* Begin XCConfigurationList section */
		A1B2C3D400000060 /* Build configuration list for PBXProject "PhotosCleaner" */ = {
			isa = XCConfigurationList;
			buildConfigurations = (
				A1B2C3D400000050 /* Debug */,
				A1B2C3D400000051 /* Release */,
			);
			defaultConfigurationIsVisible = 0;
			defaultConfigurationName = Release;
		};
		A1B2C3D400000061 /* Build configuration list for PBXNativeTarget "PhotosCleaner" */ = {
			isa = XCConfigurationList;
			buildConfigurations = (
				A1B2C3D400000052 /* Debug */,
				A1B2C3D400000053 /* Release */,
			);
			defaultConfigurationIsVisible = 0;
			defaultConfigurationName = Release;
		};
/* End XCConfigurationList section */
	};
	rootObject = A1B2C3D400000001 /* Project object */;
}
